
Microsoft Visual Studio Solution File, Format Version 12.00
# Visual Studio Version 17
VisualStudioVersion = 17.2.32630.192
MinimumVisualStudioVersion = 10.0.40219.1
Project("{FAE04EC0-301F-11D3-BF4B-00C04F79EFBC}") = "WindowsFormsApp1", "WindowsFormsApp1\WindowsFormsApp1.csproj", "{E64AA2ED-FE76-4F04-91B4-B985C6559CEC}"
EndProject
Project("{2150E333-8FDC-42A3-9474-1A3956D46DE8}") = "Solution Items", "Solution Items", "{7E6BD7EC-5B27-46B8-A4A9-3BBD8DED4422}"
	ProjectSection(SolutionItems) = preProject
		.editorconfig = .editorconfig
	EndProjectSection
EndProject
Global
	GlobalSection(SolutionConfigurationPlatforms) = preSolution
		Debug|Any CPU = Debug|Any CPU
		Release|Any CPU = Release|Any CPU
	EndGlobalSection
	GlobalSection(ProjectConfigurationPlatforms) = postSolution
		{E64AA2ED-FE76-4F04-91B4-B985C6559CEC}.Debug|Any CPU.ActiveCfg = Debug|Any CPU
		{E64AA2ED-FE76-4F04-91B4-B985C6559CEC}.Debug|Any CPU.Build.0 = Debug|Any CPU
		{E64AA2ED-FE76-4F04-91B4-B985C6559CEC}.Release|Any CPU.ActiveCfg = Release|Any CPU
		{E64AA2ED-FE76-4F04-91B4-B985C6559CEC}.Release|Any CPU.Build.0 = Release|Any CPU
	EndGlobalSection
	GlobalSection(SolutionProperties) = preSolution
		HideSolutionNode = FALSE
	EndGlobalSection
	GlobalSection(ExtensibilityGlobals) = postSolution
		SolutionGuid = {BEF6792E-D345-4B95-9A03-44F3B1BB1352}
	EndGlobalSection
EndGlobal
